
Microsoft Visual Studio Solution File, Format Version 12.00
# Visual Studio Version 17
VisualStudioVersion = 17.0.32112.339
MinimumVisualStudioVersion = 10.0.40219.1
Project("{FAE04EC0-301F-11D3-BF4B-00C04F79EFBC}") = "Assignment2_N01517224", "Assignment2_N01517224\Assignment2_N01517224.csproj", "{5B1B5B35-B9B9-447C-B7E4-AE76EAEAD91E}"
EndProject
Global
	GlobalSection(SolutionConfigurationPlatforms) = preSolution
		Debug|Any CPU = Debug|Any CPU
		Release|Any CPU = Release|Any CPU
	EndGlobalSection
	GlobalSection(ProjectConfigurationPlatforms) = postSolution
		{5B1B5B35-B9B9-447C-B7E4-AE76EAEAD91E}.Debug|Any CPU.ActiveCfg = Debug|Any CPU
		{5B1B5B35-B9B9-447C-B7E4-AE76EAEAD91E}.Debug|Any CPU.Build.0 = Debug|Any CPU
		{5B1B5B35-B9B9-447C-B7E4-AE76EAEAD91E}.Release|Any CPU.ActiveCfg = Release|Any CPU
		{5B1B5B35-B9B9-447C-B7E4-AE76EAEAD91E}.Release|Any CPU.Build.0 = Release|Any CPU
	EndGlobalSection
	GlobalSection(SolutionProperties) = preSolution
		HideSolutionNode = FALSE
	EndGlobalSection
	GlobalSection(ExtensibilityGlobals) = postSolution
		SolutionGuid = {4A58D4F0-D1D9-4B64-A5E1-FE6DCFFC0424}
	EndGlobalSection
EndGlobal
